
Microsoft Visual Studio Solution File, Format Version 12.00
# Visual Studio Version 17
VisualStudioVersion = 17.9.34728.123
MinimumVisualStudioVersion = 10.0.40219.1
Project("{FAE04EC0-301F-11D3-BF4B-00C04F79EFBC}") = "WellBeingDiary", "WellBeingDiary\WellBeingDiary.csproj", "{1371EB23-3355-4B3F-AB20-EBEA0932BDA0}"
EndProject
Global
	GlobalSection(SolutionConfigurationPlatforms) = preSolution
		Debug|Any CPU = Debug|Any CPU
		Release|Any CPU = Release|Any CPU
	EndGlobalSection
	GlobalSection(ProjectConfigurationPlatforms) = postSolution
		{1371EB23-3355-4B3F-AB20-EBEA0932BDA0}.Debug|Any CPU.ActiveCfg = Debug|Any CPU
		{1371EB23-3355-4B3F-AB20-EBEA0932BDA0}.Debug|Any CPU.Build.0 = Debug|Any CPU
		{1371EB23-3355-4B3F-AB20-EBEA0932BDA0}.Release|Any CPU.ActiveCfg = Release|Any CPU
		{1371EB23-3355-4B3F-AB20-EBEA0932BDA0}.Release|Any CPU.Build.0 = Release|Any CPU
	EndGlobalSection
	GlobalSection(SolutionProperties) = preSolution
		HideSolutionNode = FALSE
	EndGlobalSection
	GlobalSection(ExtensibilityGlobals) = postSolution
		SolutionGuid = {6A456E90-30E0-44F1-871D-14FE4A7A9C40}
	EndGlobalSection
EndGlobal
